# This file is automatically @generated by Cargo.
# It is not intended for manual editing.
version = 4

[[package]]
name = "exchange_core"
version = "0.1.0"

[[package]]
name = "exchange_server"
version = "0.1.0"
dependencies = [
 "exchange_core",
]

[[package]]
name = "exchange_sim"
version = "0.1.0"
dependencies = [
 "exchange_core",
]
